
Microsoft Visual Studio Solution File, Format Version 12.00
# Visual Studio Version 17
VisualStudioVersion = 17.11.35222.181
MinimumVisualStudioVersion = 10.0.40219.1
Project("{FAE04EC0-301F-11D3-BF4B-00C04F79EFBC}") = "uso_de_funciones", "uso_de_funciones.csproj", "{6A723DE5-A5D5-455C-A61A-1C1144C7245C}"
EndProject
Global
	GlobalSection(SolutionConfigurationPlatforms) = preSolution
		Debug|Any CPU = Debug|Any CPU
		Release|Any CPU = Release|Any CPU
	EndGlobalSection
	GlobalSection(ProjectConfigurationPlatforms) = postSolution
		{6A723DE5-A5D5-455C-A61A-1C1144C7245C}.Debug|Any CPU.ActiveCfg = Debug|Any CPU
		{6A723DE5-A5D5-455C-A61A-1C1144C7245C}.Debug|Any CPU.Build.0 = Debug|Any CPU
		{6A723DE5-A5D5-455C-A61A-1C1144C7245C}.Release|Any CPU.ActiveCfg = Release|Any CPU
		{6A723DE5-A5D5-455C-A61A-1C1144C7245C}.Release|Any CPU.Build.0 = Release|Any CPU
	EndGlobalSection
	GlobalSection(SolutionProperties) = preSolution
		HideSolutionNode = FALSE
	EndGlobalSection
	GlobalSection(ExtensibilityGlobals) = postSolution
		SolutionGuid = {D8B28439-4FD2-48D0-B4F5-EC4889EC1D07}
	EndGlobalSection
EndGlobal
